// !$*UTF8*$!
{
	archiveVersion = 1;
	classes = {
	};
	objectVersion = 46;
	objects = {

/* Begin PBXBuildFile section */
		C320B82E1BF95C1400575276 /* AppDelegate.swift in Sources */ = {isa = PBXBuildFile; fileRef = C320B82D1BF95C1400575276 /* AppDelegate.swift */; };
		C320B8331BF95C1400575276 /* Main.storyboard in Resources */ = {isa = PBXBuildFile; fileRef = C320B8311BF95C1400575276 /* Main.storyboard */; };
		C320B8361BF95C1400575276 /* LocalWeather.xcdatamodeld in Sources */ = {isa = PBXBuildFile; fileRef = C320B8341BF95C1400575276 /* LocalWeather.xcdatamodeld */; };
		C320B8381BF95C1400575276 /* Assets.xcassets in Resources */ = {isa = PBXBuildFile; fileRef = C320B8371BF95C1400575276 /* Assets.xcassets */; };
		C320B83B1BF95C1400575276 /* LaunchScreen.storyboard in Resources */ = {isa = PBXBuildFile; fileRef = C320B8391BF95C1400575276 /* LaunchScreen.storyboard */; };
		C320B8461BF95C1400575276 /* LocalWeatherTests.swift in Sources */ = {isa = PBXBuildFile; fileRef = C320B8451BF95C1400575276 /* LocalWeatherTests.swift */; };
		C320B8511BF95C1400575276 /* LocalWeatherUITests.swift in Sources */ = {isa = PBXBuildFile; fileRef = C320B8501BF95C1400575276 /* LocalWeatherUITests.swift */; };
		C320B85F1BF95CDC00575276 /* LWSuburbListController.swift in Sources */ = {isa = PBXBuildFile; fileRef = C320B85E1BF95CDC00575276 /* LWSuburbListController.swift */; };
		C320B8611BFB1C5D00575276 /* LWSuburbCell.swift in Sources */ = {isa = PBXBuildFile; fileRef = C320B8601BFB1C5D00575276 /* LWSuburbCell.swift */; };
		C320B8641BFB5D0900575276 /* Venue+CoreDataProperties.swift in Sources */ = {isa = PBXBuildFile; fileRef = C320B8621BFB5D0900575276 /* Venue+CoreDataProperties.swift */; };
		C320B8651BFB5D0900575276 /* Venue.swift in Sources */ = {isa = PBXBuildFile; fileRef = C320B8631BFB5D0900575276 /* Venue.swift */; };
		C320B8681BFDEE0500575276 /* LWPickerController.swift in Sources */ = {isa = PBXBuildFile; fileRef = C320B8671BFDEE0500575276 /* LWPickerController.swift */; };
		C342007D1C00081900B37ABC /* LWSuburbDetailsController.swift in Sources */ = {isa = PBXBuildFile; fileRef = C320B8691BFEBC9B00575276 /* LWSuburbDetailsController.swift */; };
		C34200B41C007C6500B37ABC /* clear.png in Resources */ = {isa = PBXBuildFile; fileRef = C342009C1C007C6500B37ABC /* clear.png */; };
		C34200B51C007C6500B37ABC /* clear@2x.png in Resources */ = {isa = PBXBuildFile; fileRef = C342009D1C007C6500B37ABC /* clear@2x.png */; };
		C34200B61C007C6500B37ABC /* clear@3x.png in Resources */ = {isa = PBXBuildFile; fileRef = C342009E1C007C6500B37ABC /* clear@3x.png */; };
		C34200B71C007C6500B37ABC /* cloudy@1x.png in Resources */ = {isa = PBXBuildFile; fileRef = C342009F1C007C6500B37ABC /* cloudy@1x.png */; };
		C34200B81C007C6500B37ABC /* cloudy@2x.png in Resources */ = {isa = PBXBuildFile; fileRef = C34200A01C007C6500B37ABC /* cloudy@2x.png */; };
		C34200B91C007C6500B37ABC /* cloudy@3x.png in Resources */ = {isa = PBXBuildFile; fileRef = C34200A11C007C6500B37ABC /* cloudy@3x.png */; };
		C34200BA1C007C6500B37ABC /* fog.png in Resources */ = {isa = PBXBuildFile; fileRef = C34200A21C007C6500B37ABC /* fog.png */; };
		C34200BB1C007C6500B37ABC /* fog@2x.png in Resources */ = {isa = PBXBuildFile; fileRef = C34200A31C007C6500B37ABC /* fog@2x.png */; };
		C34200BC1C007C6500B37ABC /* fog@3x.png in Resources */ = {isa = PBXBuildFile; fileRef = C34200A41C007C6500B37ABC /* fog@3x.png */; };
		C34200BD1C007C6500B37ABC /* hazy.png in Resources */ = {isa = PBXBuildFile; fileRef = C34200A51C007C6500B37ABC /* hazy.png */; };
		C34200BE1C007C6500B37ABC /* hazy@2x.png in Resources */ = {isa = PBXBuildFile; fileRef = C34200A61C007C6500B37ABC /* hazy@2x.png */; };
		C34200BF1C007C6500B37ABC /* hazy@3x.png in Resources */ = {isa = PBXBuildFile; fileRef = C34200A71C007C6500B37ABC /* hazy@3x.png */; };
		C34200C01C007C6500B37ABC /* mostlycloudy.png in Resources */ = {isa = PBXBuildFile; fileRef = C34200A81C007C6500B37ABC /* mostlycloudy.png */; };
		C34200C11C007C6500B37ABC /* mostlycloudy@2x.png in Resources */ = {isa = PBXBuildFile; fileRef = C34200A91C007C6500B37ABC /* mostlycloudy@2x.png */; };
		C34200C21C007C6500B37ABC /* mostlycloudy@3x.png in Resources */ = {isa = PBXBuildFile; fileRef = C34200AA1C007C6500B37ABC /* mostlycloudy@3x.png */; };
		C34200C31C007C6500B37ABC /* partlycloudy@1x.png in Resources */ = {isa = PBXBuildFile; fileRef = C34200AB1C007C6500B37ABC /* partlycloudy@1x.png */; };
		C34200C41C007C6500B37ABC /* partlycloudy@2x.png in Resources */ = {isa = PBXBuildFile; fileRef = C34200AC1C007C6500B37ABC /* partlycloudy@2x.png */; };
		C34200C51C007C6500B37ABC /* partlycloudy@3x.png in Resources */ = {isa = PBXBuildFile; fileRef = C34200AD1C007C6500B37ABC /* partlycloudy@3x.png */; };
		C34200C61C007C6500B37ABC /* rain.png in Resources */ = {isa = PBXBuildFile; fileRef = C34200AE1C007C6500B37ABC /* rain.png */; };
		C34200C71C007C6500B37ABC /* rain@2x.png in Resources */ = {isa = PBXBuildFile; fileRef = C34200AF1C007C6500B37ABC /* rain@2x.png */; };
		C34200C81C007C6500B37ABC /* rain@3x.png in Resources */ = {isa = PBXBuildFile; fileRef = C34200B01C007C6500B37ABC /* rain@3x.png */; };
		C34200C91C007C6500B37ABC /* snow.png in Resources */ = {isa = PBXBuildFile; fileRef = C34200B11C007C6500B37ABC /* snow.png */; };
		C34200CA1C007C6500B37ABC /* snow@2x.png in Resources */ = {isa = PBXBuildFile; fileRef = C34200B21C007C6500B37ABC /* snow@2x.png */; };
		C34200CB1C007C6500B37ABC /* snow@3x.png in Resources */ = {isa = PBXBuildFile; fileRef = C34200B31C007C6500B37ABC /* snow@3x.png */; };
		C34200CF1C007C7100B37ABC /* tstorms.png in Resources */ = {isa = PBXBuildFile; fileRef = C34200CC1C007C7100B37ABC /* tstorms.png */; };
		C34200D01C007C7100B37ABC /* tstorms@2x.png in Resources */ = {isa = PBXBuildFile; fileRef = C34200CD1C007C7100B37ABC /* tstorms@2x.png */; };
		C34200D11C007C7100B37ABC /* tstorms@3x.png in Resources */ = {isa = PBXBuildFile; fileRef = C34200CE1C007C7100B37ABC /* tstorms@3x.png */; };
/* End PBXBuildFile section */

/* Begin PBXContainerItemProxy section */
		C320B8421BF95C1400575276 /* PBXContainerItemProxy */ = {
			isa = PBXContainerItemProxy;
			containerPortal = C320B8221BF95C1400575276 /* Project object */;
			proxyType = 1;
			remoteGlobalIDString = C320B8291BF95C1400575276;
			remoteInfo = LocalWeather;
		};
		C320B84D1BF95C1400575276 /* PBXContainerItemProxy */ = {
			isa = PBXContainerItemProxy;
			containerPortal = C320B8221BF95C1400575276 /* Project object */;
			proxyType = 1;
			remoteGlobalIDString = C320B8291BF95C1400575276;
			remoteInfo = LocalWeather;
		};
/* End PBXContainerItemProxy section */

/* Begin PBXFileReference section */
		C320B82A1BF95C1400575276 /* LocalWeather.app */ = {isa = PBXFileReference; explicitFileType = wrapper.application; includeInIndex = 0; path = LocalWeather.app; sourceTree = BUILT_PRODUCTS_DIR; };
		C320B82D1BF95C1400575276 /* AppDelegate.swift */ = {isa = PBXFileReference; lastKnownFileType = sourcecode.swift; path = AppDelegate.swift; sourceTree = "<group>"; };
		C320B8321BF95C1400575276 /* Base */ = {isa = PBXFileReference; lastKnownFileType = file.storyboard; name = Base; path = Base.lproj/Main.storyboard; sourceTree = "<group>"; };
		C320B8351BF95C1400575276 /* LocalWeather.xcdatamodel */ = {isa = PBXFileReference; lastKnownFileType = wrapper.xcdatamodel; path = LocalWeather.xcdatamodel; sourceTree = "<group>"; };
		C320B8371BF95C1400575276 /* Assets.xcassets */ = {isa = PBXFileReference; lastKnownFileType = folder.assetcatalog; path = Assets.xcassets; sourceTree = "<group>"; };
		C320B83A1BF95C1400575276 /* Base */ = {isa = PBXFileReference; lastKnownFileType = file.storyboard; name = Base; path = Base.lproj/LaunchScreen.storyboard; sourceTree = "<group>"; };
		C320B83C1BF95C1400575276 /* Info.plist */ = {isa = PBXFileReference; lastKnownFileType = text.plist.xml; path = Info.plist; sourceTree = "<group>"; };
		C320B8411BF95C1400575276 /* LocalWeatherTests.xctest */ = {isa = PBXFileReference; explicitFileType = wrapper.cfbundle; includeInIndex = 0; path = LocalWeatherTests.xctest; sourceTree = BUILT_PRODUCTS_DIR; };
		C320B8451BF95C1400575276 /* LocalWeatherTests.swift */ = {isa = PBXFileReference; lastKnownFileType = sourcecode.swift; path = LocalWeatherTests.swift; sourceTree = "<group>"; };
		C320B8471BF95C1400575276 /* Info.plist */ = {isa = PBXFileReference; lastKnownFileType = text.plist.xml; path = Info.plist; sourceTree = "<group>"; };
		C320B84C1BF95C1400575276 /* LocalWeatherUITests.xctest */ = {isa = PBXFileReference; explicitFileType = wrapper.cfbundle; includeInIndex = 0; path = LocalWeatherUITests.xctest; sourceTree = BUILT_PRODUCTS_DIR; };
		C320B8501BF95C1400575276 /* LocalWeatherUITests.swift */ = {isa = PBXFileReference; lastKnownFileType = sourcecode.swift; path = LocalWeatherUITests.swift; sourceTree = "<group>"; };
		C320B8521BF95C1400575276 /* Info.plist */ = {isa = PBXFileReference; lastKnownFileType = text.plist.xml; path = Info.plist; sourceTree = "<group>"; };
		C320B85E1BF95CDC00575276 /* LWSuburbListController.swift */ = {isa = PBXFileReference; fileEncoding = 4; lastKnownFileType = sourcecode.swift; path = LWSuburbListController.swift; sourceTree = "<group>"; };
		C320B8601BFB1C5D00575276 /* LWSuburbCell.swift */ = {isa = PBXFileReference; fileEncoding = 4; lastKnownFileType = sourcecode.swift; path = LWSuburbCell.swift; sourceTree = "<group>"; };
		C320B8621BFB5D0900575276 /* Venue+CoreDataProperties.swift */ = {isa = PBXFileReference; fileEncoding = 4; lastKnownFileType = sourcecode.swift; name = "Venue+CoreDataProperties.swift"; path = "Model/Venue+CoreDataProperties.swift"; sourceTree = "<group>"; };
		C320B8631BFB5D0900575276 /* Venue.swift */ = {isa = PBXFileReference; fileEncoding = 4; lastKnownFileType = sourcecode.swift; name = Venue.swift; path = Model/Venue.swift; sourceTree = "<group>"; };
		C320B8671BFDEE0500575276 /* LWPickerController.swift */ = {isa = PBXFileReference; fileEncoding = 4; lastKnownFileType = sourcecode.swift; path = LWPickerController.swift; sourceTree = "<group>"; };
		C320B8691BFEBC9B00575276 /* LWSuburbDetailsController.swift */ = {isa = PBXFileReference; fileEncoding = 4; lastKnownFileType = sourcecode.swift; path = LWSuburbDetailsController.swift; sourceTree = "<group>"; };
		C342009C1C007C6500B37ABC /* clear.png */ = {isa = PBXFileReference; lastKnownFileType = image.png; path = clear.png; sourceTree = "<group>"; };
		C342009D1C007C6500B37ABC /* clear@2x.png */ = {isa = PBXFileReference; lastKnownFileType = image.png; path = "clear@2x.png"; sourceTree = "<group>"; };
		C342009E1C007C6500B37ABC /* clear@3x.png */ = {isa = PBXFileReference; lastKnownFileType = image.png; path = "clear@3x.png"; sourceTree = "<group>"; };
		C342009F1C007C6500B37ABC /* cloudy@1x.png */ = {isa = PBXFileReference; lastKnownFileType = image.png; path = "cloudy@1x.png"; sourceTree = "<group>"; };
		C34200A01C007C6500B37ABC /* cloudy@2x.png */ = {isa = PBXFileReference; lastKnownFileType = image.png; path = "cloudy@2x.png"; sourceTree = "<group>"; };
		C34200A11C007C6500B37ABC /* cloudy@3x.png */ = {isa = PBXFileReference; lastKnownFileType = image.png; path = "cloudy@3x.png"; sourceTree = "<group>"; };
		C34200A21C007C6500B37ABC /* fog.png */ = {isa = PBXFileReference; lastKnownFileType = image.png; path = fog.png; sourceTree = "<group>"; };
		C34200A31C007C6500B37ABC /* fog@2x.png */ = {isa = PBXFileReference; lastKnownFileType = image.png; path = "fog@2x.png"; sourceTree = "<group>"; };
		C34200A41C007C6500B37ABC /* fog@3x.png */ = {isa = PBXFileReference; lastKnownFileType = image.png; path = "fog@3x.png"; sourceTree = "<group>"; };
		C34200A51C007C6500B37ABC /* hazy.png */ = {isa = PBXFileReference; lastKnownFileType = image.png; path = hazy.png; sourceTree = "<group>"; };
		C34200A61C007C6500B37ABC /* hazy@2x.png */ = {isa = PBXFileReference; lastKnownFileType = image.png; path = "hazy@2x.png"; sourceTree = "<group>"; };
		C34200A71C007C6500B37ABC /* hazy@3x.png */ = {isa = PBXFileReference; lastKnownFileType = image.png; path = "hazy@3x.png"; sourceTree = "<group>"; };
		C34200A81C007C6500B37ABC /* mostlycloudy.png */ = {isa = PBXFileReference; lastKnownFileType = image.png; path = mostlycloudy.png; sourceTree = "<group>"; };
		C34200A91C007C6500B37ABC /* mostlycloudy@2x.png */ = {isa = PBXFileReference; lastKnownFileType = image.png; path = "mostlycloudy@2x.png"; sourceTree = "<group>"; };
		C34200AA1C007C6500B37ABC /* mostlycloudy@3x.png */ = {isa = PBXFileReference; lastKnownFileType = image.png; path = "mostlycloudy@3x.png"; sourceTree = "<group>"; };
		C34200AB1C007C6500B37ABC /* partlycloudy@1x.png */ = {isa = PBXFileReference; lastKnownFileType = image.png; path = "partlycloudy@1x.png"; sourceTree = "<group>"; };
		C34200AC1C007C6500B37ABC /* partlycloudy@2x.png */ = {isa = PBXFileReference; lastKnownFileType = image.png; path = "partlycloudy@2x.png"; sourceTree = "<group>"; };
		C34200AD1C007C6500B37ABC /* partlycloudy@3x.png */ = {isa = PBXFileReference; lastKnownFileType = image.png; path = "partlycloudy@3x.png"; sourceTree = "<group>"; };
		C34200AE1C007C6500B37ABC /* rain.png */ = {isa = PBXFileReference; lastKnownFileType = image.png; path = rain.png; sourceTree = "<group>"; };
		C34200AF1C007C6500B37ABC /* rain@2x.png */ = {isa = PBXFileReference; lastKnownFileType = image.png; path = "rain@2x.png"; sourceTree = "<group>"; };
		C34200B01C007C6500B37ABC /* rain@3x.png */ = {isa = PBXFileReference; lastKnownFileType = image.png; path = "rain@3x.png"; sourceTree = "<group>"; };
		C34200B11C007C6500B37ABC /* snow.png */ = {isa = PBXFileReference; lastKnownFileType = image.png; path = snow.png; sourceTree = "<group>"; };
		C34200B21C007C6500B37ABC /* snow@2x.png */ = {isa = PBXFileReference; lastKnownFileType = image.png; path = "snow@2x.png"; sourceTree = "<group>"; };
		C34200B31C007C6500B37ABC /* snow@3x.png */ = {isa = PBXFileReference; lastKnownFileType = image.png; path = "snow@3x.png"; sourceTree = "<group>"; };
		C34200CC1C007C7100B37ABC /* tstorms.png */ = {isa = PBXFileReference; lastKnownFileType = image.png; path = tstorms.png; sourceTree = "<group>"; };
		C34200CD1C007C7100B37ABC /* tstorms@2x.png */ = {isa = PBXFileReference; lastKnownFileType = image.png; path = "tstorms@2x.png"; sourceTree = "<group>"; };
		C34200CE1C007C7100B37ABC /* tstorms@3x.png */ = {isa = PBXFileReference; lastKnownFileType = image.png; path = "tstorms@3x.png"; sourceTree = "<group>"; };
/* End PBXFileReference section */

/* Begin PBXFrameworksBuildPhase section */
		C320B8271BF95C1400575276 /* Frameworks */ = {
			isa = PBXFrameworksBuildPhase;
			buildActionMask = 2147483647;
			files = (
			);
			runOnlyForDeploymentPostprocessing = 0;
		};
		C320B83E1BF95C1400575276 /* Frameworks */ = {
			isa = PBXFrameworksBuildPhase;
			buildActionMask = 2147483647;
			files = (
			);
			runOnlyForDeploymentPostprocessing = 0;
		};
		C320B8491BF95C1400575276 /* Frameworks */ = {
			isa = PBXFrameworksBuildPhase;
			buildActionMask = 2147483647;
			files = (
			);
			runOnlyForDeploymentPostprocessing = 0;
		};
/* End PBXFrameworksBuildPhase section */

/* Begin PBXGroup section */
		C320B8211BF95C1400575276 = {
			isa = PBXGroup;
			children = (
				C320B82C1BF95C1400575276 /* LocalWeather */,
				C320B8441BF95C1400575276 /* LocalWeatherTests */,
				C320B84F1BF95C1400575276 /* LocalWeatherUITests */,
				C320B82B1BF95C1400575276 /* Products */,
			);
			sourceTree = "<group>";
		};
		C320B82B1BF95C1400575276 /* Products */ = {
			isa = PBXGroup;
			children = (
				C320B82A1BF95C1400575276 /* LocalWeather.app */,
				C320B8411BF95C1400575276 /* LocalWeatherTests.xctest */,
				C320B84C1BF95C1400575276 /* LocalWeatherUITests.xctest */,
			);
			name = Products;
			sourceTree = "<group>";
		};
		C320B82C1BF95C1400575276 /* LocalWeather */ = {
			isa = PBXGroup;
			children = (
				C342007E1C0051D700B37ABC /* Resources */,
				C320B8661BFB5D1400575276 /* Model */,
				C320B82D1BF95C1400575276 /* AppDelegate.swift */,
				C320B85E1BF95CDC00575276 /* LWSuburbListController.swift */,
				C320B8691BFEBC9B00575276 /* LWSuburbDetailsController.swift */,
				C320B8671BFDEE0500575276 /* LWPickerController.swift */,
				C320B8601BFB1C5D00575276 /* LWSuburbCell.swift */,
				C320B8311BF95C1400575276 /* Main.storyboard */,
				C320B8371BF95C1400575276 /* Assets.xcassets */,
				C320B8391BF95C1400575276 /* LaunchScreen.storyboard */,
				C320B83C1BF95C1400575276 /* Info.plist */,
				C320B8341BF95C1400575276 /* LocalWeather.xcdatamodeld */,
			);
			path = LocalWeather;
			sourceTree = "<group>";
		};
		C320B8441BF95C1400575276 /* LocalWeatherTests */ = {
			isa = PBXGroup;
			children = (
				C320B8451BF95C1400575276 /* LocalWeatherTests.swift */,
				C320B8471BF95C1400575276 /* Info.plist */,
			);
			path = LocalWeatherTests;
			sourceTree = "<group>";
		};
		C320B84F1BF95C1400575276 /* LocalWeatherUITests */ = {
			isa = PBXGroup;
			children = (
				C320B8501BF95C1400575276 /* LocalWeatherUITests.swift */,
				C320B8521BF95C1400575276 /* Info.plist */,
			);
			path = LocalWeatherUITests;
			sourceTree = "<group>";
		};
		C320B8661BFB5D1400575276 /* Model */ = {
			isa = PBXGroup;
			children = (
				C320B8631BFB5D0900575276 /* Venue.swift */,
				C320B8621BFB5D0900575276 /* Venue+CoreDataProperties.swift */,
			);
			name = Model;
			sourceTree = "<group>";
		};
		C342007E1C0051D700B37ABC /* Resources */ = {
			isa = PBXGroup;
			children = (
				C342009B1C007C1900B37ABC /* ViewIcons */,
			);
			name = Resources;
			sourceTree = "<group>";
		};
		C342009B1C007C1900B37ABC /* ViewIcons */ = {
			isa = PBXGroup;
			children = (
				C34200CC1C007C7100B37ABC /* tstorms.png */,
				C34200CD1C007C7100B37ABC /* tstorms@2x.png */,
				C34200CE1C007C7100B37ABC /* tstorms@3x.png */,
				C342009C1C007C6500B37ABC /* clear.png */,
				C342009D1C007C6500B37ABC /* clear@2x.png */,
				C342009E1C007C6500B37ABC /* clear@3x.png */,
				C342009F1C007C6500B37ABC /* cloudy@1x.png */,
				C34200A01C007C6500B37ABC /* cloudy@2x.png */,
				C34200A11C007C6500B37ABC /* cloudy@3x.png */,
				C34200A21C007C6500B37ABC /* fog.png */,
				C34200A31C007C6500B37ABC /* fog@2x.png */,
				C34200A41C007C6500B37ABC /* fog@3x.png */,
				C34200A51C007C6500B37ABC /* hazy.png */,
				C34200A61C007C6500B37ABC /* hazy@2x.png */,
				C34200A71C007C6500B37ABC /* hazy@3x.png */,
				C34200A81C007C6500B37ABC /* mostlycloudy.png */,
				C34200A91C007C6500B37ABC /* mostlycloudy@2x.png */,
				C34200AA1C007C6500B37ABC /* mostlycloudy@3x.png */,
				C34200AB1C007C6500B37ABC /* partlycloudy@1x.png */,
				C34200AC1C007C6500B37ABC /* partlycloudy@2x.png */,
				C34200AD1C007C6500B37ABC /* partlycloudy@3x.png */,
				C34200AE1C007C6500B37ABC /* rain.png */,
				C34200AF1C007C6500B37ABC /* rain@2x.png */,
				C34200B01C007C6500B37ABC /* rain@3x.png */,
				C34200B11C007C6500B37ABC /* snow.png */,
				C34200B21C007C6500B37ABC /* snow@2x.png */,
				C34200B31C007C6500B37ABC /* snow@3x.png */,
			);
			name = ViewIcons;
			sourceTree = "<group>";
		};
/* End PBXGroup section */

/* Begin PBXNativeTarget section */
		C320B8291BF95C1400575276 /* LocalWeather */ = {
			isa = PBXNativeTarget;
			buildConfigurationList = C320B8551BF95C1400575276 /* Build configuration list for PBXNativeTarget "LocalWeather" */;
			buildPhases = (
				C320B8261BF95C1400575276 /* Sources */,
				C320B8271BF95C1400575276 /* Frameworks */,
				C320B8281BF95C1400575276 /* Resources */,
			);
			buildRules = (
			);
			dependencies = (
			);
			name = LocalWeather;
			productName = LocalWeather;
			productReference = C320B82A1BF95C1400575276 /* LocalWeather.app */;
			productType = "com.apple.product-type.application";
		};
		C320B8401BF95C1400575276 /* LocalWeatherTests */ = {
			isa = PBXNativeTarget;
			buildConfigurationList = C320B8581BF95C1400575276 /* Build configuration list for PBXNativeTarget "LocalWeatherTests" */;
			buildPhases = (
				C320B83D1BF95C1400575276 /* Sources */,
				C320B83E1BF95C1400575276 /* Frameworks */,
				C320B83F1BF95C1400575276 /* Resources */,
			);
			buildRules = (
			);
			dependencies = (
				C320B8431BF95C1400575276 /* PBXTargetDependency */,
			);
			name = LocalWeatherTests;
			productName = LocalWeatherTests;
			productReference = C320B8411BF95C1400575276 /* LocalWeatherTests.xctest */;
			productType = "com.apple.product-type.bundle.unit-test";
		};
		C320B84B1BF95C1400575276 /* LocalWeatherUITests */ = {
			isa = PBXNativeTarget;
			buildConfigurationList = C320B85B1BF95C1400575276 /* Build configuration list for PBXNativeTarget "LocalWeatherUITests" */;
			buildPhases = (
				C320B8481BF95C1400575276 /* Sources */,
				C320B8491BF95C1400575276 /* Frameworks */,
				C320B84A1BF95C1400575276 /* Resources */,
			);
			buildRules = (
			);
			dependencies = (
				C320B84E1BF95C1400575276 /* PBXTargetDependency */,
			);
			name = LocalWeatherUITests;
			productName = LocalWeatherUITests;
			productReference = C320B84C1BF95C1400575276 /* LocalWeatherUITests.xctest */;
			productType = "com.apple.product-type.bundle.ui-testing";
		};
/* End PBXNativeTarget section */

/* Begin PBXProject section */
		C320B8221BF95C1400575276 /* Project object */ = {
			isa = PBXProject;
			attributes = {
				LastSwiftUpdateCheck = 0710;
				LastUpgradeCheck = 0710;
				ORGANIZATIONNAME = "Sibin Baby";
				TargetAttributes = {
					C320B8291BF95C1400575276 = {
						CreatedOnToolsVersion = 7.1.1;
					};
					C320B8401BF95C1400575276 = {
						CreatedOnToolsVersion = 7.1.1;
						TestTargetID = C320B8291BF95C1400575276;
					};
					C320B84B1BF95C1400575276 = {
						CreatedOnToolsVersion = 7.1.1;
						TestTargetID = C320B8291BF95C1400575276;
					};
				};
			};
			buildConfigurationList = C320B8251BF95C1400575276 /* Build configuration list for PBXProject "LocalWeather" */;
			compatibilityVersion = "Xcode 3.2";
			developmentRegion = English;
			hasScannedForEncodings = 0;
			knownRegions = (
				en,
				Base,
			);
			mainGroup = C320B8211BF95C1400575276;
			productRefGroup = C320B82B1BF95C1400575276 /* Products */;
			projectDirPath = "";
			projectRoot = "";
			targets = (
				C320B8291BF95C1400575276 /* LocalWeather */,
				C320B8401BF95C1400575276 /* LocalWeatherTests */,
				C320B84B1BF95C1400575276 /* LocalWeatherUITests */,
			);
		};
/* End PBXProject section */

/* Begin PBXResourcesBuildPhase section */
		C320B8281BF95C1400575276 /* Resources */ = {
			isa = PBXResourcesBuildPhase;
			buildActionMask = 2147483647;
			files = (
				C34200C41C007C6500B37ABC /* partlycloudy@2x.png in Resources */,
				C34200C91C007C6500B37ABC /* snow.png in Resources */,
				C34200C51C007C6500B37ABC /* partlycloudy@3x.png in Resources */,
				C34200BD1C007C6500B37ABC /* hazy.png in Resources */,
				C34200BF1C007C6500B37ABC /* hazy@3x.png in Resources */,
				C34200BC1C007C6500B37ABC /* fog@3x.png in Resources */,
				C34200C61C007C6500B37ABC /* rain.png in Resources */,
				C34200B71C007C6500B37ABC /* cloudy@1x.png in Resources */,
				C34200B91C007C6500B37ABC /* cloudy@3x.png in Resources */,
				C34200D01C007C7100B37ABC /* tstorms@2x.png in Resources */,
				C320B83B1BF95C1400575276 /* LaunchScreen.storyboard in Resources */,
				C34200B81C007C6500B37ABC /* cloudy@2x.png in Resources */,
				C34200C71C007C6500B37ABC /* rain@2x.png in Resources */,
				C34200C81C007C6500B37ABC /* rain@3x.png in Resources */,
				C34200BE1C007C6500B37ABC /* hazy@2x.png in Resources */,
				C34200B51C007C6500B37ABC /* clear@2x.png in Resources */,
				C34200C11C007C6500B37ABC /* mostlycloudy@2x.png in Resources */,
				C320B8381BF95C1400575276 /* Assets.xcassets in Resources */,
				C34200BB1C007C6500B37ABC /* fog@2x.png in Resources */,
				C34200CF1C007C7100B37ABC /* tstorms.png in Resources */,
				C34200C01C007C6500B37ABC /* mostlycloudy.png in Resources */,
				C34200CA1C007C6500B37ABC /* snow@2x.png in Resources */,
				C34200B61C007C6500B37ABC /* clear@3x.png in Resources */,
				C34200CB1C007C6500B37ABC /* snow@3x.png in Resources */,
				C320B8331BF95C1400575276 /* Main.storyboard in Resources */,
				C34200C21C007C6500B37ABC /* mostlycloudy@3x.png in Resources */,
				C34200D11C007C7100B37ABC /* tstorms@3x.png in Resources */,
				C34200BA1C007C6500B37ABC /* fog.png in Resources */,
				C34200B41C007C6500B37ABC /* clear.png in Resources */,
				C34200C31C007C6500B37ABC /* partlycloudy@1x.png in Resources */,
			);
			runOnlyForDeploymentPostprocessing = 0;
		};
		C320B83F1BF95C1400575276 /* Resources */ = {
			isa = PBXResourcesBuildPhase;
			buildActionMask = 2147483647;
			files = (
			);
			runOnlyForDeploymentPostprocessing = 0;
		};
		C320B84A1BF95C1400575276 /* Resources */ = {
			isa = PBXResourcesBuildPhase;
			buildActionMask = 2147483647;
			files = (
			);
			runOnlyForDeploymentPostprocessing = 0;
		};
/* End PBXResourcesBuildPhase section */

/* Begin PBXSourcesBuildPhase section */
		C320B8261BF95C1400575276 /* Sources */ = {
			isa = PBXSourcesBuildPhase;
			buildActionMask = 2147483647;
			files = (
				C320B8361BF95C1400575276 /* LocalWeather.xcdatamodeld in Sources */,
				C320B8651BFB5D0900575276 /* Venue.swift in Sources */,
				C342007D1C00081900B37ABC /* LWSuburbDetailsController.swift in Sources */,
				C320B8641BFB5D0900575276 /* Venue+CoreDataProperties.swift in Sources */,
				C320B85F1BF95CDC00575276 /* LWSuburbListController.swift in Sources */,
				C320B82E1BF95C1400575276 /* AppDelegate.swift in Sources */,
				C320B8681BFDEE0500575276 /* LWPickerController.swift in Sources */,
				C320B8611BFB1C5D00575276 /* LWSuburbCell.swift in Sources */,
			);
			runOnlyForDeploymentPostprocessing = 0;
		};
		C320B83D1BF95C1400575276 /* Sources */ = {
			isa = PBXSourcesBuildPhase;
			buildActionMask = 2147483647;
			files = (
				C320B8461BF95C1400575276 /* LocalWeatherTests.swift in Sources */,
			);
			runOnlyForDeploymentPostprocessing = 0;
		};
		C320B8481BF95C1400575276 /* Sources */ = {
			isa = PBXSourcesBuildPhase;
			buildActionMask = 2147483647;
			files = (
				C320B8511BF95C1400575276 /* LocalWeatherUITests.swift in Sources */,
			);
			runOnlyForDeploymentPostprocessing = 0;
		};
/* End PBXSourcesBuildPhase section */

/* Begin PBXTargetDependency section */
		C320B8431BF95C1400575276 /* PBXTargetDependency */ = {
			isa = PBXTargetDependency;
			target = C320B8291BF95C1400575276 /* LocalWeather */;
			targetProxy = C320B8421BF95C1400575276 /* PBXContainerItemProxy */;
		};
		C320B84E1BF95C1400575276 /* PBXTargetDependency */ = {
			isa = PBXTargetDependency;
			target = C320B8291BF95C1400575276 /* LocalWeather */;
			targetProxy = C320B84D1BF95C1400575276 /* PBXContainerItemProxy */;
		};
/* End PBXTargetDependency section */

/* Begin PBXVariantGroup section */
		C320B8311BF95C1400575276 /* Main.storyboard */ = {
			isa = PBXVariantGroup;
			children = (
				C320B8321BF95C1400575276 /* Base */,
			);
			name = Main.storyboard;
			sourceTree = "<group>";
		};
		C320B8391BF95C1400575276 /* LaunchScreen.storyboard */ = {
			isa = PBXVariantGroup;
			children = (
				C320B83A1BF95C1400575276 /* Base */,
			);
			name = LaunchScreen.storyboard;
			sourceTree = "<group>";
		};
/* End PBXVariantGroup section */

/* Begin XCBuildConfiguration section */
		C320B8531BF95C1400575276 /* Debug */ = {
			isa = XCBuildConfiguration;
			buildSettings = {
				ALWAYS_SEARCH_USER_PATHS = NO;
				CLANG_CXX_LANGUAGE_STANDARD = "gnu++0x";
				CLANG_CXX_LIBRARY = "libc++";
				CLANG_ENABLE_MODULES = YES;
				CLANG_ENABLE_OBJC_ARC = YES;
				CLANG_WARN_BOOL_CONVERSION = YES;
				CLANG_WARN_CONSTANT_CONVERSION = YES;
				CLANG_WARN_DIRECT_OBJC_ISA_USAGE = YES_ERROR;
				CLANG_WARN_EMPTY_BODY = YES;
				CLANG_WARN_ENUM_CONVERSION = YES;
				CLANG_WARN_INT_CONVERSION = YES;
				CLANG_WARN_OBJC_ROOT_CLASS = YES_ERROR;
				CLANG_WARN_UNREACHABLE_CODE = YES;
				CLANG_WARN__DUPLICATE_METHOD_MATCH = YES;
				"CODE_SIGN_IDENTITY[sdk=iphoneos*]" = "iPhone Developer";
				COPY_PHASE_STRIP = NO;
				DEBUG_INFORMATION_FORMAT = dwarf;
				ENABLE_STRICT_OBJC_MSGSEND = YES;
				ENABLE_TESTABILITY = YES;
				GCC_C_LANGUAGE_STANDARD = gnu99;
				GCC_DYNAMIC_NO_PIC = NO;
				GCC_NO_COMMON_BLOCKS = YES;
				GCC_OPTIMIZATION_LEVEL = 0;
				GCC_PREPROCESSOR_DEFINITIONS = (
					"DEBUG=1",
					"$(inherited)",
				);
				GCC_WARN_64_TO_32_BIT_CONVERSION = YES;
				GCC_WARN_ABOUT_RETURN_TYPE = YES_ERROR;
				GCC_WARN_UNDECLARED_SELECTOR = YES;
				GCC_WARN_UNINITIALIZED_AUTOS = YES_AGGRESSIVE;
				GCC_WARN_UNUSED_FUNCTION = YES;
				GCC_WARN_UNUSED_VARIABLE = YES;
				IPHONEOS_DEPLOYMENT_TARGET = 9.0;
				MTL_ENABLE_DEBUG_INFO = YES;
				ONLY_ACTIVE_ARCH = YES;
				SDKROOT = iphoneos;
				SWIFT_OPTIMIZATION_LEVEL = "-Onone";
			};
			name = Debug;
		};
		C320B8541BF95C1400575276 /* Release */ = {
			isa = XCBuildConfiguration;
			buildSettings = {
				ALWAYS_SEARCH_USER_PATHS = NO;
				CLANG_CXX_LANGUAGE_STANDARD = "gnu++0x";
				CLANG_CXX_LIBRARY = "libc++";
				CLANG_ENABLE_MODULES = YES;
				CLANG_ENABLE_OBJC_ARC = YES;
				CLANG_WARN_BOOL_CONVERSION = YES;
				CLANG_WARN_CONSTANT_CONVERSION = YES;
				CLANG_WARN_DIRECT_OBJC_ISA_USAGE = YES_ERROR;
				CLANG_WARN_EMPTY_BODY = YES;
				CLANG_WARN_ENUM_CONVERSION = YES;
				CLANG_WARN_INT_CONVERSION = YES;
				CLANG_WARN_OBJC_ROOT_CLASS = YES_ERROR;
				CLANG_WARN_UNREACHABLE_CODE = YES;
				CLANG_WARN__DUPLICATE_METHOD_MATCH = YES;
				"CODE_SIGN_IDENTITY[sdk=iphoneos*]" = "iPhone Developer";
				COPY_PHASE_STRIP = NO;
				DEBUG_INFORMATION_FORMAT = "dwarf-with-dsym";
				ENABLE_NS_ASSERTIONS = NO;
				ENABLE_STRICT_OBJC_MSGSEND = YES;
				GCC_C_LANGUAGE_STANDARD = gnu99;
				GCC_NO_COMMON_BLOCKS = YES;
				GCC_WARN_64_TO_32_BIT_CONVERSION = YES;
				GCC_WARN_ABOUT_RETURN_TYPE = YES_ERROR;
				GCC_WARN_UNDECLARED_SELECTOR = YES;
				GCC_WARN_UNINITIALIZED_AUTOS = YES_AGGRESSIVE;
				GCC_WARN_UNUSED_FUNCTION = YES;
				GCC_WARN_UNUSED_VARIABLE = YES;
				IPHONEOS_DEPLOYMENT_TARGET = 9.0;
				MTL_ENABLE_DEBUG_INFO = NO;
				SDKROOT = iphoneos;
				VALIDATE_PRODUCT = YES;
			};
			name = Release;
		};
		C320B8561BF95C1400575276 /* Debug */ = {
			isa = XCBuildConfiguration;
			buildSettings = {
				ASSETCATALOG_COMPILER_APPICON_NAME = AppIcon;
				INFOPLIST_FILE = LocalWeather/Info.plist;
				LD_RUNPATH_SEARCH_PATHS = "$(inherited) @executable_path/Frameworks";
				PRODUCT_BUNDLE_IDENTIFIER = com.sibinbk.LocalWeather;
				PRODUCT_NAME = "$(TARGET_NAME)";
			};
			name = Debug;
		};
		C320B8571BF95C1400575276 /* Release */ = {
			isa = XCBuildConfiguration;
			buildSettings = {
				ASSETCATALOG_COMPILER_APPICON_NAME = AppIcon;
				INFOPLIST_FILE = LocalWeather/Info.plist;
				LD_RUNPATH_SEARCH_PATHS = "$(inherited) @executable_path/Frameworks";
				PRODUCT_BUNDLE_IDENTIFIER = com.sibinbk.LocalWeather;
				PRODUCT_NAME = "$(TARGET_NAME)";
			};
			name = Release;
		};
		C320B8591BF95C1400575276 /* Debug */ = {
			isa = XCBuildConfiguration;
			buildSettings = {
				BUNDLE_LOADER = "$(TEST_HOST)";
				INFOPLIST_FILE = LocalWeatherTests/Info.plist;
				LD_RUNPATH_SEARCH_PATHS = "$(inherited) @executable_path/Frameworks @loader_path/Frameworks";
				PRODUCT_BUNDLE_IDENTIFIER = com.sibinbk.LocalWeatherTests;
				PRODUCT_NAME = "$(TARGET_NAME)";
				TEST_HOST = "$(BUILT_PRODUCTS_DIR)/LocalWeather.app/LocalWeather";
			};
			name = Debug;
		};
		C320B85A1BF95C1400575276 /* Release */ = {
			isa = XCBuildConfiguration;
			buildSettings = {
				BUNDLE_LOADER = "$(TEST_HOST)";
				INFOPLIST_FILE = LocalWeatherTests/Info.plist;
				LD_RUNPATH_SEARCH_PATHS = "$(inherited) @executable_path/Frameworks @loader_path/Frameworks";
				PRODUCT_BUNDLE_IDENTIFIER = com.sibinbk.LocalWeatherTests;
				PRODUCT_NAME = "$(TARGET_NAME)";
				TEST_HOST = "$(BUILT_PRODUCTS_DIR)/LocalWeather.app/LocalWeather";
			};
			name = Release;
		};
		C320B85C1BF95C1400575276 /* Debug */ = {
			isa = XCBuildConfiguration;
			buildSettings = {
				INFOPLIST_FILE = LocalWeatherUITests/Info.plist;
				LD_RUNPATH_SEARCH_PATHS = "$(inherited) @executable_path/Frameworks @loader_path/Frameworks";
				PRODUCT_BUNDLE_IDENTIFIER = com.sibinbk.LocalWeatherUITests;
				PRODUCT_NAME = "$(TARGET_NAME)";
				TEST_TARGET_NAME = LocalWeather;
				USES_XCTRUNNER = YES;
			};
			name = Debug;
		};
		C320B85D1BF95C1400575276 /* Release */ = {
			isa = XCBuildConfiguration;
			buildSettings = {
				INFOPLIST_FILE = LocalWeatherUITests/Info.plist;
				LD_RUNPATH_SEARCH_PATHS = "$(inherited) @executable_path/Frameworks @loader_path/Frameworks";
				PRODUCT_BUNDLE_IDENTIFIER = com.sibinbk.LocalWeatherUITests;
				PRODUCT_NAME = "$(TARGET_NAME)";
				TEST_TARGET_NAME = LocalWeather;
				USES_XCTRUNNER = YES;
			};
			name = Release;
		};
/* End XCBuildConfiguration section */

/* Begin XCConfigurationList section */
		C320B8251BF95C1400575276 /* Build configuration list for PBXProject "LocalWeather" */ = {
			isa = XCConfigurationList;
			buildConfigurations = (
				C320B8531BF95C1400575276 /* Debug */,
				C320B8541BF95C1400575276 /* Release */,
			);
			defaultConfigurationIsVisible = 0;
			defaultConfigurationName = Release;
		};
		C320B8551BF95C1400575276 /* Build configuration list for PBXNativeTarget "LocalWeather" */ = {
			isa = XCConfigurationList;
			buildConfigurations = (
				C320B8561BF95C1400575276 /* Debug */,
				C320B8571BF95C1400575276 /* Release */,
			);
			defaultConfigurationIsVisible = 0;
			defaultConfigurationName = Release;
		};
		C320B8581BF95C1400575276 /* Build configuration list for PBXNativeTarget "LocalWeatherTests" */ = {
			isa = XCConfigurationList;
			buildConfigurations = (
				C320B8591BF95C1400575276 /* Debug */,
				C320B85A1BF95C1400575276 /* Release */,
			);
			defaultConfigurationIsVisible = 0;
			defaultConfigurationName = Release;
		};
		C320B85B1BF95C1400575276 /* Build configuration list for PBXNativeTarget "LocalWeatherUITests" */ = {
			isa = XCConfigurationList;
			buildConfigurations = (
				C320B85C1BF95C1400575276 /* Debug */,
				C320B85D1BF95C1400575276 /* Release */,
			);
			defaultConfigurationIsVisible = 0;
			defaultConfigurationName = Release;
		};
/* End XCConfigurationList section */

/* Begin XCVersionGroup section */
		C320B8341BF95C1400575276 /* LocalWeather.xcdatamodeld */ = {
			isa = XCVersionGroup;
			children = (
				C320B8351BF95C1400575276 /* LocalWeather.xcdatamodel */,
			);
			currentVersion = C320B8351BF95C1400575276 /* LocalWeather.xcdatamodel */;
			path = LocalWeather.xcdatamodeld;
			sourceTree = "<group>";
			versionGroupType = wrapper.xcdatamodel;
		};
/* End XCVersionGroup section */
	};
	rootObject = C320B8221BF95C1400575276 /* Project object */;
}
